
Microsoft Visual Studio Solution File, Format Version 12.00
# Visual Studio Version 17
VisualStudioVersion = 17.2.32630.192
MinimumVisualStudioVersion = 10.0.40219.1
Project("{9A19103F-16F7-4668-BE54-9A1E7A4F7556}") = "ModelBuilder_primjer", "ModelBuilder_primjer\ModelBuilder_primjer.csproj", "{40AB1137-D24B-4273-A51A-86FA33660CD8}"
EndProject
Project("{9A19103F-16F7-4668-BE54-9A1E7A4F7556}") = "PredikcijaKvaraStroja_KonzolnaAplikacija", "PredikcijaKvaraStroja_KonzolnaAplikacija\PredikcijaKvaraStroja_KonzolnaAplikacija.csproj", "{561797CF-AD2F-43B1-A81F-61B21D274924}"
EndProject
Global
	GlobalSection(SolutionConfigurationPlatforms) = preSolution
		Debug|Any CPU = Debug|Any CPU
		Release|Any CPU = Release|Any CPU
	EndGlobalSection
	GlobalSection(ProjectConfigurationPlatforms) = postSolution
		{40AB1137-D24B-4273-A51A-86FA33660CD8}.Debug|Any CPU.ActiveCfg = Debug|Any CPU
		{40AB1137-D24B-4273-A51A-86FA33660CD8}.Debug|Any CPU.Build.0 = Debug|Any CPU
		{40AB1137-D24B-4273-A51A-86FA33660CD8}.Release|Any CPU.ActiveCfg = Release|Any CPU
		{40AB1137-D24B-4273-A51A-86FA33660CD8}.Release|Any CPU.Build.0 = Release|Any CPU
		{561797CF-AD2F-43B1-A81F-61B21D274924}.Debug|Any CPU.ActiveCfg = Debug|Any CPU
		{561797CF-AD2F-43B1-A81F-61B21D274924}.Debug|Any CPU.Build.0 = Debug|Any CPU
		{561797CF-AD2F-43B1-A81F-61B21D274924}.Release|Any CPU.ActiveCfg = Release|Any CPU
		{561797CF-AD2F-43B1-A81F-61B21D274924}.Release|Any CPU.Build.0 = Release|Any CPU
	EndGlobalSection
	GlobalSection(SolutionProperties) = preSolution
		HideSolutionNode = FALSE
	EndGlobalSection
	GlobalSection(ExtensibilityGlobals) = postSolution
		SolutionGuid = {6BE72DF8-86BD-4617-94DA-44884E9F2619}
	EndGlobalSection
EndGlobal
